github.com/axivo/hugo-module/global v1.0.2 h1:tPMNHOMsHqwBHdG5Kc9Wpax6U1X84fWxduJSGrv4KOA=
github.com/axivo/hugo-module/global v1.0.2/go.mod h1:O/D/m+h1KnvdzY6sPfVk1CaG9ifdxQ02sZpY8C9bSqQ=
github.com/axivo/hugo-module/project v1.0.9 h1:Wobq5kjN2e6Jd/c8VDQHspQvjl/jnb3QwEXJ7e9uxas=
github.com/axivo/hugo-module/project v1.0.9/go.mod h1:x0c2w1X48MU+J04l6O0nBxJozZX/7LH3EddzTEWnJ/Q=
github.com/imfing/hextra v0.8.0 h1:bG2GavmsMAgRRCrm+N4c+m6mBm9KYrgGH0mgaJpIXjM=
github.com/imfing/hextra v0.8.0/go.mod h1:cEfel3lU/bSx7lTE/+uuR4GJaphyOyiwNR3PTqFTXpI=
